
Microsoft Visual Studio Solution File, Format Version 12.00
# Visual Studio 14
VisualStudioVersion = 14.0.25420.1
MinimumVisualStudioVersion = 10.0.40219.1
Project("{FAE04EC0-301F-11D3-BF4B-00C04F79EFBC}") = "FurnitureStore.Domain", "FurnitureStore.Domain\FurnitureStore.Domain.csproj", "{11535DD8-2DBA-4CF8-8866-C5EEDC4E4E39}"
EndProject
Project("{FAE04EC0-301F-11D3-BF4B-00C04F79EFBC}") = "FurnitureStore.WebUI", "FurnitureStore.WebUI\FurnitureStore.WebUI.csproj", "{BB5ECCBF-295E-4AFC-9883-5F93843FC4ED}"
EndProject
Project("{FAE04EC0-301F-11D3-BF4B-00C04F79EFBC}") = "FurnitureStore.UnitTests", "FurnitureStore.UnitTests\FurnitureStore.UnitTests.csproj", "{9F3E7983-1C55-4B80-B671-808B464AF9A7}"
EndProject
Global
	GlobalSection(SolutionConfigurationPlatforms) = preSolution
		Debug|Any CPU = Debug|Any CPU
		Release|Any CPU = Release|Any CPU
	EndGlobalSection
	GlobalSection(ProjectConfigurationPlatforms) = postSolution
		{11535DD8-2DBA-4CF8-8866-C5EEDC4E4E39}.Debug|Any CPU.ActiveCfg = Debug|Any CPU
		{11535DD8-2DBA-4CF8-8866-C5EEDC4E4E39}.Debug|Any CPU.Build.0 = Debug|Any CPU
		{11535DD8-2DBA-4CF8-8866-C5EEDC4E4E39}.Release|Any CPU.ActiveCfg = Release|Any CPU
		{11535DD8-2DBA-4CF8-8866-C5EEDC4E4E39}.Release|Any CPU.Build.0 = Release|Any CPU
		{BB5ECCBF-295E-4AFC-9883-5F93843FC4ED}.Debug|Any CPU.ActiveCfg = Debug|Any CPU
		{BB5ECCBF-295E-4AFC-9883-5F93843FC4ED}.Debug|Any CPU.Build.0 = Debug|Any CPU
		{BB5ECCBF-295E-4AFC-9883-5F93843FC4ED}.Release|Any CPU.ActiveCfg = Release|Any CPU
		{BB5ECCBF-295E-4AFC-9883-5F93843FC4ED}.Release|Any CPU.Build.0 = Release|Any CPU
		{9F3E7983-1C55-4B80-B671-808B464AF9A7}.Debug|Any CPU.ActiveCfg = Debug|Any CPU
		{9F3E7983-1C55-4B80-B671-808B464AF9A7}.Debug|Any CPU.Build.0 = Debug|Any CPU
		{9F3E7983-1C55-4B80-B671-808B464AF9A7}.Release|Any CPU.ActiveCfg = Release|Any CPU
		{9F3E7983-1C55-4B80-B671-808B464AF9A7}.Release|Any CPU.Build.0 = Release|Any CPU
	EndGlobalSection
	GlobalSection(SolutionProperties) = preSolution
		HideSolutionNode = FALSE
	EndGlobalSection
EndGlobal
